
Microsoft Visual Studio Solution File, Format Version 12.00
# Visual Studio 2015
Project("{FAE04EC0-301F-11D3-BF4B-00C04F79EFBC}") = "ARunitychan.CSharp", "ARunitychan.CSharp.csproj", "{E70F5EB6-B3C3-6730-4385-7A6B124158B8}"
EndProject
Project("{FAE04EC0-301F-11D3-BF4B-00C04F79EFBC}") = "ARunitychan.CSharp.Editor", "ARunitychan.CSharp.Editor.csproj", "{3ED5E128-D689-A832-D3F8-A6FB68CD8DA1}"
EndProject
Global
	GlobalSection(SolutionConfigurationPlatforms) = preSolution
		Debug|Any CPU = Debug|Any CPU
		Release|Any CPU = Release|Any CPU
	EndGlobalSection
	GlobalSection(ProjectConfigurationPlatforms) = postSolution
		{E70F5EB6-B3C3-6730-4385-7A6B124158B8}.Debug|Any CPU.ActiveCfg = Debug|Any CPU
		{E70F5EB6-B3C3-6730-4385-7A6B124158B8}.Debug|Any CPU.Build.0 = Debug|Any CPU
		{E70F5EB6-B3C3-6730-4385-7A6B124158B8}.Release|Any CPU.ActiveCfg = Release|Any CPU
		{E70F5EB6-B3C3-6730-4385-7A6B124158B8}.Release|Any CPU.Build.0 = Release|Any CPU
		{3ED5E128-D689-A832-D3F8-A6FB68CD8DA1}.Debug|Any CPU.ActiveCfg = Debug|Any CPU
		{3ED5E128-D689-A832-D3F8-A6FB68CD8DA1}.Debug|Any CPU.Build.0 = Debug|Any CPU
		{3ED5E128-D689-A832-D3F8-A6FB68CD8DA1}.Release|Any CPU.ActiveCfg = Release|Any CPU
		{3ED5E128-D689-A832-D3F8-A6FB68CD8DA1}.Release|Any CPU.Build.0 = Release|Any CPU
	EndGlobalSection
	GlobalSection(SolutionProperties) = preSolution
		HideSolutionNode = FALSE
	EndGlobalSection
EndGlobal
